Microsoft Visual Studio Solution File, Format Version 12.00
# Visual Studio Version 17
VisualStudioVersion = 17.5.2.0
MinimumVisualStudioVersion = 10.0.40219.1
Project("{FAE04EC0-301F-11D3-BF4B-00C04F79EFBC}") = "Venta_Computadores", "Venta_Computadores\Venta_Computadores.csproj", "{8E5B5230-5FF3-7809-B540-93CC00C9207B}"
EndProject
Global
	GlobalSection(SolutionConfigurationPlatforms) = preSolution
		Debug|Any CPU = Debug|Any CPU
		Release|Any CPU = Release|Any CPU
	EndGlobalSection
	GlobalSection(ProjectConfigurationPlatforms) = postSolution
		{8E5B5230-5FF3-7809-B540-93CC00C9207B}.Debug|Any CPU.ActiveCfg = Debug|Any CPU
		{8E5B5230-5FF3-7809-B540-93CC00C9207B}.Debug|Any CPU.Build.0 = Debug|Any CPU
		{8E5B5230-5FF3-7809-B540-93CC00C9207B}.Release|Any CPU.ActiveCfg = Release|Any CPU
		{8E5B5230-5FF3-7809-B540-93CC00C9207B}.Release|Any CPU.Build.0 = Release|Any CPU
	EndGlobalSection
	GlobalSection(SolutionProperties) = preSolution
		HideSolutionNode = FALSE
	EndGlobalSection
	GlobalSection(ExtensibilityGlobals) = postSolution
		SolutionGuid = {397F11D4-C058-4118-B96B-8A164EF83B1D}
	EndGlobalSection
EndGlobal
